
Microsoft Visual Studio Solution File, Format Version 12.00
# Visual Studio Version 16
VisualStudioVersion = 16.0.30320.27
MinimumVisualStudioVersion = 10.0.40219.1
Project("{9A19103F-16F7-4668-BE54-9A1E7A4F7556}") = "TaskOne", "ConsoleApp2\TaskOne.csproj", "{A1074D46-8459-44BA-94F3-BD392BB36FE2}"
EndProject
Project("{FAE04EC0-301F-11D3-BF4B-00C04F79EFBC}") = "TaskTwo", "TaskTwo\TaskTwo.csproj", "{E0BBDD3D-DD18-4EEA-94CB-6D40C65E4B6E}"
EndProject
Project("{FAE04EC0-301F-11D3-BF4B-00C04F79EFBC}") = "TaskThree", "TaskThree\TaskThree.csproj", "{1E5BA118-8DC8-4019-8885-F4DD6C1F40A2}"
EndProject
Global
	GlobalSection(SolutionConfigurationPlatforms) = preSolution
		Debug|Any CPU = Debug|Any CPU
		Release|Any CPU = Release|Any CPU
	EndGlobalSection
	GlobalSection(ProjectConfigurationPlatforms) = postSolution
		{A1074D46-8459-44BA-94F3-BD392BB36FE2}.Debug|Any CPU.ActiveCfg = Debug|Any CPU
		{A1074D46-8459-44BA-94F3-BD392BB36FE2}.Debug|Any CPU.Build.0 = Debug|Any CPU
		{A1074D46-8459-44BA-94F3-BD392BB36FE2}.Release|Any CPU.ActiveCfg = Release|Any CPU
		{A1074D46-8459-44BA-94F3-BD392BB36FE2}.Release|Any CPU.Build.0 = Release|Any CPU
		{E0BBDD3D-DD18-4EEA-94CB-6D40C65E4B6E}.Debug|Any CPU.ActiveCfg = Debug|Any CPU
		{E0BBDD3D-DD18-4EEA-94CB-6D40C65E4B6E}.Debug|Any CPU.Build.0 = Debug|Any CPU
		{E0BBDD3D-DD18-4EEA-94CB-6D40C65E4B6E}.Release|Any CPU.ActiveCfg = Release|Any CPU
		{E0BBDD3D-DD18-4EEA-94CB-6D40C65E4B6E}.Release|Any CPU.Build.0 = Release|Any CPU
		{1E5BA118-8DC8-4019-8885-F4DD6C1F40A2}.Debug|Any CPU.ActiveCfg = Debug|Any CPU
		{1E5BA118-8DC8-4019-8885-F4DD6C1F40A2}.Debug|Any CPU.Build.0 = Debug|Any CPU
		{1E5BA118-8DC8-4019-8885-F4DD6C1F40A2}.Release|Any CPU.ActiveCfg = Release|Any CPU
		{1E5BA118-8DC8-4019-8885-F4DD6C1F40A2}.Release|Any CPU.Build.0 = Release|Any CPU
	EndGlobalSection
	GlobalSection(SolutionProperties) = preSolution
		HideSolutionNode = FALSE
	EndGlobalSection
	GlobalSection(ExtensibilityGlobals) = postSolution
		SolutionGuid = {129A66BC-92F7-4173-BACF-950452E0AE0B}
	EndGlobalSection
EndGlobal
